PODS:
  - Flutter (1.0.0)
  - integration_test (0.0.1):
    - Flutter
  - path_provider_foundation (0.0.1):
    - Flutter
    - FlutterMacOS
  - TensorFlowLiteC (2.14.0):
    - TensorFlowLiteC/Core (= 2.14.0)
  - TensorFlowLiteC/Core (2.14.0)
  - TensorFlowLiteC/CoreML (2.14.0):
    - TensorFlowLiteC/Core
  - TensorFlowLiteC/Metal (2.14.0):
    - TensorFlowLiteC/Core
  - TensorFlowLiteSwift (2.14.0):
    - TensorFlowLiteSwift/Core (= 2.14.0)
  - TensorFlowLiteSwift/Core (2.14.0):
    - TensorFlowLiteC (= 2.14.0)
  - TensorFlowLiteSwift/CoreML (2.14.0):
    - TensorFlowLiteC/CoreML (= 2.14.0)
    - TensorFlowLiteSwift/Core (= 2.14.0)
  - TensorFlowLiteSwift/Metal (2.14.0):
    - TensorFlowLiteC/Metal (= 2.14.0)
    - TensorFlowLiteSwift/Core (= 2.14.0)
  - tflite_flutter (0.1.0):
    - Flutter
    - TensorFlowLiteSwift (= 2.14.0)
    - TensorFlowLiteSwift/CoreML (= 2.14.0)
    - TensorFlowLiteSwift/Metal (= 2.14.0)

DEPENDENCIES:
  - Flutter (from `Flutter`)
  - integration_test (from `.symlinks/plugins/integration_test/ios`)
  - path_provider_foundation (from `.symlinks/plugins/path_provider_foundation/darwin`)
  - tflite_flutter (from `.symlinks/plugins/tflite_flutter/ios`)

SPEC REPOS:
  trunk:
    - TensorFlowLiteC
    - TensorFlowLiteSwift

EXTERNAL SOURCES:
  Flutter:
    :path: Flutter
  integration_test:
    :path: ".symlinks/plugins/integration_test/ios"
  path_provider_foundation:
    :path: ".symlinks/plugins/path_provider_foundation/darwin"
  tflite_flutter:
    :path: ".symlinks/plugins/tflite_flutter/ios"

SPEC CHECKSUMS:
  Flutter: f04841e97a9d0b0a8025694d0796dd46242b2854
  integration_test: 13825b8a9334a850581300559b8839134b124670
  path_provider_foundation: 29f094ae23ebbca9d3d0cec13889cd9060c0e943
  TensorFlowLiteC: a836de9b6e6018665ccc349538bdd2c3b80dd7a5
  TensorFlowLiteSwift: f706b143b69d7bf433aba7b08049bdd11c321a10
  tflite_flutter: 9297d00538575adad89199b6dd78883adda70ebd

PODFILE CHECKSUM: 775997f741c536251164e3eacf6e34abf2eb7a17

COCOAPODS: 1.14.3
